Microsoft Visual Studio Solution File, Format Version 11.00
# Visual Studio 2008

Project("{8C51E584-F7BD-7898-1422-8F8895D208E4}") = "pushMan", "Assembly-CSharp.csproj", "{6CA1FFC0-2A37-54EA-2CA5-A4377F66E7FF}"
EndProject
Global
	GlobalSection(SolutionConfigurationPlatforms) = preSolution
		Debug|Any CPU = Debug|Any CPU
		Release|Any CPU = Release|Any CPU
	EndGlobalSection
	GlobalSection(ProjectConfigurationPlatforms) = postSolution
		{6CA1FFC0-2A37-54EA-2CA5-A4377F66E7FF}.Debug|Any CPU.ActiveCfg = Debug|Any CPU
		{6CA1FFC0-2A37-54EA-2CA5-A4377F66E7FF}.Debug|Any CPU.Build.0 = Debug|Any CPU
		{6CA1FFC0-2A37-54EA-2CA5-A4377F66E7FF}.Release|Any CPU.ActiveCfg = Release|Any CPU
		{6CA1FFC0-2A37-54EA-2CA5-A4377F66E7FF}.Release|Any CPU.Build.0 = Release|Any CPU
	EndGlobalSection
	GlobalSection(SolutionProperties) = preSolution
		HideSolutionNode = FALSE
	EndGlobalSection
											GlobalSection(MonoDevelopProperties) = preSolution
		StartupItem = Assembly-CSharp.csproj
		Policies = $0
		$0.TextStylePolicy = $1
		$1.inheritsSet = null
		$1.scope = text/x-csharp
		$0.CSharpFormattingPolicy = $2
		$2.inheritsSet = Mono
		$2.inheritsScope = text/x-csharp
		$2.scope = text/x-csharp
		$0.TextStylePolicy = $3
		$3.FileWidth = 120
		$3.TabWidth = 4
		$3.EolMarker = Unix
		$3.inheritsSet = Mono
		$3.inheritsScope = text/plain
		$3.scope = text/plain
	EndGlobalSection

EndGlobal
